github.com/BurntSushi/toml v0.3.1 h1:WXkYYl6Yr3qBf1K79EBnL4mak0OimBfB0XUf9Vl28OQ=
github.com/BurntSushi/toml v0.3.1/go.mod h1:xHWCNGjB5oqiDr8zfno3MHue2Ht5sIBksp03qcyfWMU=
github.com/blang/semver v3.5.1+incompatible h1:cQNTCjp13qL8KC3Nbxr/y2Bqb63oX6wdnnjpJbkM4JQ=
github.com/blang/semver v3.5.1+incompatible/go.mod h1:kRBLl5iJ+tD4TcOOxsy/0fnwebNt5EWlYSAyrTnjyyk=
github.com/colt3k/mail v2.3.2+incompatible h1:JP3lHviINVo//xVvpGBGkCr9x+Lr8xjpQMdw9YuDLNs=
github.com/colt3k/mail v2.3.2+incompatible/go.mod h1:WhhXaprToKLNWIYIwML0rGnddv0f7hmV4nNcU/T3BWA=
github.com/colt3k/mycli v0.0.11 h1:Z7Fg7r1nMQgc+qJv1y6tIT1CDH7qNzkyUZSeMUreknw=
github.com/colt3k/mycli v0.0.11/go.mod h1:Xo9UiMw2Qc3HuQLe8m0XxJ6kikl9odgsTzTRVmXdUcY=
github.com/colt3k/mycli v0.0.13 h1:CoXiMlVLiWTszCC+uVGP5o8YIkmdB3mh+jNJfJRixvE=
github.com/colt3k/mycli v0.0.13/go.mod h1:Xo9UiMw2Qc3HuQLe8m0XxJ6kikl9odgsTzTRVmXdUcY=
github.com/colt3k/mycli v0.0.19 h1:gQUSGlHGW85fG6H2jDz8Z/QM4TNtzXZ9Kqcu2bYGF1w=
github.com/colt3k/mycli v0.0.19/go.mod h1:K02cDx0D8BW8wM3A0ryR0C7dRia7vGBChVYLpeHhZNM=
github.com/colt3k/mycli v0.0.20 h1:EdZl0INGP6yXPL5Tdhv3Mkn+Y23suGiOD0bDLFVuCHA=
github.com/colt3k/mycli v0.0.20/go.mod h1:K02cDx0D8BW8wM3A0ryR0C7dRia7vGBChVYLpeHhZNM=
github.com/colt3k/nglog v0.0.1 h1:25rOKKVvmomcpNxapY9yIsECbahaL52HdPK/ZNC0uxM=
github.com/colt3k/nglog v0.0.1/go.mod h1:1uzjsWq3W1tGYxZ3/kGrXpmeaVPvt9chX7n5cn/Qp8c=
github.com/colt3k/nglog v0.0.3/go.mod h1:Gycec2LbK9zAVWb9XPSdD7j/obspuk0746SXq5AwzxA=
github.com/colt3k/nglog v0.0.11 h1:+CUg3KmuwlcSTlwibsHMmkOK2UFw/e+nKhEr7/kSTWM=
github.com/colt3k/nglog v0.0.11/go.mod h1:WOpxEzrSEoQyuoWadXO1bTMiCGEM44LHdnGTHhSjtlo=
github.com/colt3k/nglog v0.0.17 h1:ZpAkEXEl8WQd+oO5tGA4RbfWPJh6jZ/J2xqCl+JqflI=
github.com/colt3k/nglog v0.0.17/go.mod h1:sjAPAnpP/TjB3AM6tzlEO7P8MI7v6DcsQCYlkv5N4T8=
github.com/colt3k/utils/archive v0.0.5 h1:aeS6Uvi+Ml3OITLTDiiqyiYA2InG4Y5abZ3YW4ryxJo=
github.com/colt3k/utils/archive v0.0.5/go.mod h1:ZCw58mw01d/Qa7WlIyPiwDjLUFuQCX8/9oiczTjC+90=
github.com/colt3k/utils/config v0.0.1 h1:ZWlFyL4V23FsDShliRcINHggJmxpUtKp5AEf6Lv4HgU=
github.com/colt3k/utils/config v0.0.1/go.mod h1:9M+zvCgMfC6+Uu+uOHO26xUgt107tflKLdmTaC9p+uE=
github.com/colt3k/utils/config v0.0.3 h1:XcPdy463vLybhKzXx/YwslE+qX7gmZxN4MwMP2X/BtI=
github.com/colt3k/utils/config v0.0.3/go.mod h1:Ri22TJzGfXTLAnLDq4htEEaoxlEfrhDfy4Sw+xaoQN4=
github.com/colt3k/utils/crypt v0.0.1 h1:jHSA59nOTwF3zjMz9LJ7lMCpKZXx+xuXDf5E6kJDIC4=
github.com/colt3k/utils/crypt v0.0.1/go.mod h1:g6Wcw08sR4VqMkT6+3QGiX4fb+NKl9QvwsmiLnsLKOs=
github.com/colt3k/utils/crypt v0.0.5 h1:+h7nAwTa0HgsFGbwgDrWYt6E6Bgy2znntAMfLTMsZms=
github.com/colt3k/utils/crypt v0.0.5/go.mod h1:QuoZ/8Ei2CnEuE5O0Q6Hk9OG0vEpgf4vsaDfTrJtobA=
github.com/colt3k/utils/crypt v0.0.6 h1:V9MvwRGnk3Lq+Eb0wQZN/rYch3SIybrwmx8WIDpEtdE=
github.com/colt3k/utils/crypt v0.0.6/go.mod h1:QuoZ/8Ei2CnEuE5O0Q6Hk9OG0vEpgf4vsaDfTrJtobA=
github.com/colt3k/utils/encode v0.0.1 h1:hdJVDGzOUuhgtCTYWCHrocWVbKLQs84jfdqEJDKrTIs=
github.com/colt3k/utils/encode v0.0.1/go.mod h1:WVkLaBMJuvVnzm7MQuhLddJ+jLKYVzBVTUXIHOupGD8=
github.com/colt3k/utils/encode v0.0.2 h1:gLPuKcQ0A+d0n+Q3BCF+HVAkyEdpX/+V/8gbg7s3FGg=
github.com/colt3k/utils/encode v0.0.2/go.mod h1:CImsKPEjGaUlImx34pOZoDrAFmpZlRuzXyz4+Cd3fa4=
github.com/colt3k/utils/file v0.0.1 h1:/ViT2V2zdHq8UW6E2jbiPHKyAJDLJZyhebAmUQ+k4tc=
github.com/colt3k/utils/file v0.0.1/go.mod h1:PxGygEQubP4BH7nv5HaQnw4FYhOVLojlPvHtErMpFSI=
github.com/colt3k/utils/file v0.0.2 h1:GSvOzChJFp2Xg6R3ultlWVH7QJE08Kq88gyLbgmeCX8=
github.com/colt3k/utils/file v0.0.2/go.mod h1:nl43zYnoE3OXfdZ5mpUUjKOz6oAzJFkzvVCk1GdTJ5Q=
github.com/colt3k/utils/file v0.0.4 h1:+TLTr0zvd+0Ox0KsKAZQwCX3u/QLcLmsgVnbLWOTpxo=
github.com/colt3k/utils/file v0.0.4/go.mod h1:nl43zYnoE3OXfdZ5mpUUjKOz6oAzJFkzvVCk1GdTJ5Q=
github.com/colt3k/utils/hash v0.0.1 h1:QRy/iexxbMPiSeFchj/JM5c52k/byrAB27mzr733cKA=
github.com/colt3k/utils/hash v0.0.1/go.mod h1:G10f8mRqYjCn5O0eGoHO6duHNS3k1ciApdVVvDad7kI=
github.com/colt3k/utils/hash v0.0.3 h1:DA6+/48PkVYiEt/Qp//ie8WEcdEAVhdyHW8748inwws=
github.com/colt3k/utils/hash v0.0.3/go.mod h1:tW78n3Qn3VcfynRBcDjq+z5X2WegrYX5BQhbhSdQxWc=
github.com/colt3k/utils/io v0.0.1 h1:8L1GYrj4P+GzgGHvWAeRuZXCVs9TShbuu2tQNTdsIgg=
github.com/colt3k/utils/io v0.0.1/go.mod h1:nfGwnh4JYZGt7Xhb6HllVOXOysYU9Xd9tlW+jkgtUt0=
github.com/colt3k/utils/io v0.0.12 h1:ZZU+6chrccXBGIEYs7cpEXND27BkchiM3LOl7mBh+3o=
github.com/colt3k/utils/io v0.0.12/go.mod h1:kN2O1zdVzYCTPapzBg+yg5HJdQxUKy8MxUu14wYs9Cc=
github.com/colt3k/utils/io v0.0.13 h1:NoAMky0xzGfMBYnA3TUvFgGLdwV8F4xzHVF15aTYwxU=
github.com/colt3k/utils/io v0.0.13/go.mod h1:kN2O1zdVzYCTPapzBg+yg5HJdQxUKy8MxUu14wYs9Cc=
github.com/colt3k/utils/lock v0.0.1 h1:GhXRvsjlPEa4+9ou2YQE1jfK3LTMpcrlV34xb/ePNiY=
github.com/colt3k/utils/lock v0.0.1/go.mod h1:AtqI5lyMbCOLjRH/KvZe9GkC9ulHcjD/XlEHeL7pSss=
github.com/colt3k/utils/mathut v0.0.1 h1:o/aIDspFY3PPdP1L1Xn/TSBp0V2m0o7X7MPxmCzeYtI=
github.com/colt3k/utils/mathut v0.0.1/go.mod h1:YK4vx6fJOhaIJ3idYVcILYl99CNpLol7mlG+K+PnJNw=
github.com/colt3k/utils/mathut v0.0.2 h1:nQz6DnAxBwlG4To9BYMG+pfnEXMU0FcSV6OLsEJoN9Q=
github.com/colt3k/utils/mathut v0.0.2/go.mod h1:yvkrho04UtKYwbEcvUlHwiNUdGVSwh6Jk4tXGyHfo5g=
github.com/colt3k/utils/mymg v0.0.8 h1:Vn0B5JSUPtDub/S14x8riuU5CvLLAjMZV1FOVrntZtk=
github.com/colt3k/utils/mymg v0.0.8/go.mod h1:r+AsZKnynnW/o1gpxBaKbGdLxVOspcYBSf+k8s7zq1M=
github.com/colt3k/utils/mymg v0.0.15 h1:YpGx+BNEMmgWtrxid3bwE/VZa5qv4DWms4nUZdxYHzU=
github.com/colt3k/utils/mymg v0.0.15/go.mod h1:r+AsZKnynnW/o1gpxBaKbGdLxVOspcYBSf+k8s7zq1M=
github.com/colt3k/utils/netut v0.0.1 h1:KEgxUX5rY+v2gNaXBTnmeyO94VNo0ZSsSbjMojS2870=
github.com/colt3k/utils/netut v0.0.1/go.mod h1:OTcQKaUjhExTGqzJJ6jg43uhGkAL+4JPDOpMiGQx6PU=
github.com/colt3k/utils/netut v0.0.3 h1:Czm2c9Y4w6kbjHFFeNYqkJOWfannaF0WrbAtVZTYXSI=
github.com/colt3k/utils/netut v0.0.3/go.mod h1:i714XPZ0erBxLBCb9m8F4n1syPfaPdhnHJAildN9xgg=
github.com/colt3k/utils/netut v0.0.5 h1:HoR1a8hJzhrGjPs7c3Zv7zvUzyGg8i0JFTJQs7lNI8U=
github.com/colt3k/utils/netut v0.0.5/go.mod h1:i714XPZ0erBxLBCb9m8F4n1syPfaPdhnHJAildN9xgg=
github.com/colt3k/utils/netut v0.0.7 h1:FvQd2rdjnPpa30lQRI/r0WhVZxWeIfyY552E6Xfby2s=
github.com/colt3k/utils/netut v0.0.7/go.mod h1:i714XPZ0erBxLBCb9m8F4n1syPfaPdhnHJAildN9xgg=
github.com/colt3k/utils/netut v0.0.8 h1:mFi5CAehMZQFmTHwvShu0kS4mnEQBMGE3PFNz3NcSk0=
github.com/colt3k/utils/netut v0.0.8/go.mod h1:vYUULUUcknSScf748n+sjOIpT8tOPF8O/6tNs/QN34E=
github.com/colt3k/utils/osut v0.0.1 h1:6iNcG8jk8IjNnsxZuRS9vQeJLlihgx1cUmQnraPngV0=
github.com/colt3k/utils/osut v0.0.1/go.mod h1:a9YuFtk23T9NNhGWzK4FFnGDnfghS34nt4fO0hBeCfc=
github.com/colt3k/utils/ques v0.0.1 h1:NH/9BYYO1MeZh0SnEd/1v647uEKS2WViK4osxf2UU9M=
github.com/colt3k/utils/ques v0.0.1/go.mod h1:9H9ux0RHILcD8rxv8t+mKQ/G0Mc/3//i/If1VjUSBVw=
github.com/colt3k/utils/stats v0.0.1 h1:rKlyHfXNXbftjIBdabM4TP4A4mDarR168E95B6mp4YQ=
github.com/colt3k/utils/stats v0.0.1/go.mod h1:cisus6IGJ7SeXR/AfG5wctFr0C4yV+gFrnn4ME7G2Gs=
github.com/colt3k/utils/stringut v0.0.1/go.mod h1:LkfccKIxHAjHsyCNVb/LEENuMUJZ+2+qq8JWjl4qOFE=
github.com/colt3k/utils/updater v0.0.5 h1:p2RyQZmyRnmQGbQT7m32k/LywMo7I6A8UCj8m5n3IR0=
github.com/colt3k/utils/updater v0.0.5/go.mod h1:mi+RwDZ9JUkyP/2703y7i8Vj1fJa5PV/PKl1JkaEzgQ=
github.com/colt3k/utils/updater v0.0.11 h1:BuaM+RKHuxut9Tk/YrC/G9QlWTG7Y9ob6imMDRWJMyw=
github.com/colt3k/utils/updater v0.0.11/go.mod h1:R/qi8/Kvvvr/3e52uMbOnpxG2bXEy+BCz4iJ7VhfRZQ=
github.com/colt3k/utils/updater v0.0.12 h1:fHcGD6GJHqBWIOXdZweM8Ta62uQa8Gs60MmLE7JtYyU=
github.com/colt3k/utils/updater v0.0.12/go.mod h1:R/qi8/Kvvvr/3e52uMbOnpxG2bXEy+BCz4iJ7VhfRZQ=
github.com/colt3k/utils/version v0.0.1 h1:W9TXRcKPlO/7WGadmRIuaW16auMjyMmAFh2q6XFO4/s=
github.com/colt3k/utils/version v0.0.1/go.mod h1:iqXaSNAN0EzwP4v5fMbJMeJoHqmfAV8ZKCbOE+c02xY=
github.com/colt3k/utils/version v0.0.2 h1:keisacNU6ooZCBhigLDOYMXuofkOI1zft72YJLj6zL8=
github.com/colt3k/utils/version v0.0.2/go.mod h1:iqXaSNAN0EzwP4v5fMbJMeJoHqmfAV8ZKCbOE+c02xY=
github.com/colt3k/utils/version v0.0.3 h1:7CIF92puUOAjB6gOVAmXFoMh7OmeO8YUMSWhdO0vzdU=
github.com/colt3k/utils/version v0.0.3/go.mod h1:iqXaSNAN0EzwP4v5fMbJMeJoHqmfAV8ZKCbOE+c02xY=
github.com/davecgh/go-spew v1.1.0/go.mod h1:J7Y8YcW2NihsgmVo/mv3lAwl/skON4iLHjSsI+c5H38=
github.com/davecgh/go-spew v1.1.1 h1:vj9j/u1bqnvCEfJOwUhtlOARqs3+rkHYY13jYWTU97c=
github.com/davecgh/go-spew v1.1.1/go.mod h1:J7Y8YcW2NihsgmVo/mv3lAwl/skON4iLHjSsI+c5H38=
github.com/go-mail/mail v2.3.1+incompatible h1:UzNOn0k5lpfVtO31cK3hn6I4VEVGhe3lX8AJBAxXExM=
github.com/go-mail/mail v2.3.1+incompatible/go.mod h1:VPWjmmNyRsWXQZHVHT3g0YbIINUkSmuKOiLIDkWbL6M=
github.com/gonutz/w32 v1.0.0 h1:3t1z6ZfkFvirjFYBx9pHeHBuKoN/VBVk9yHb/m2Ll/k=
github.com/gonutz/w32 v1.0.0/go.mod h1:Rc/YP5K9gv0FW4p6X9qL3E7Y56lfMflEol1fLElfMW4=
github.com/gorilla/context v1.1.1/go.mod h1:kBGZzfjB9CEq2AlWe17Uuf7NDRt0dE0s8S51q0aT7Yg=
github.com/gorilla/http v0.0.0-20180526232503-732371cf4733 h1:XP4dudjlxzadyN7vy99RS0wKby/Kkcp4Ejnl7eE7HPY=
github.com/gorilla/http v0.0.0-20180526232503-732371cf4733/go.mod h1:7SoxxYlLs8XfoT5AXYy1WWMqjg3iaA9gZblNHzXQDqo=
github.com/gorilla/http v0.0.0-20190627042742-d268792bdee7 h1:bFJgNQQcl/uBD2BuTZGYZ3lDomhIxCcn8r812nV0YmY=
github.com/gorilla/http v0.0.0-20190627042742-d268792bdee7/go.mod h1:7SoxxYlLs8XfoT5AXYy1WWMqjg3iaA9gZblNHzXQDqo=
github.com/gorilla/mux v1.6.2/go.mod h1:1lud6UwP+6orDFRuTfBEV8e9/aOM/c4fVVCaMa2zaAs=
github.com/iancoleman/orderedmap v0.0.0-20181121102841-22c6ecc9fe13/go.mod h1:N0Wam8K1arqPXNWjMo21EXnBPOPp36vB07FNRdD2geA=
github.com/iancoleman/orderedmap v0.0.0-20190103220030-893c443ae36e h1:GQjjP9DUeu6jcJvzGVOMujL8tjls+/iB55yG1JEjj48=
github.com/iancoleman/orderedmap v0.0.0-20190103220030-893c443ae36e/go.mod h1:N0Wam8K1arqPXNWjMo21EXnBPOPp36vB07FNRdD2geA=
github.com/iancoleman/orderedmap v0.0.0-20190318233801-ac98e3ecb4b0 h1:i462o439ZjprVSFSZLZxcsoAe592sZB1rci2Z8j4wdk=
github.com/iancoleman/orderedmap v0.0.0-20190318233801-ac98e3ecb4b0/go.mod h1:N0Wam8K1arqPXNWjMo21EXnBPOPp36vB07FNRdD2geA=
github.com/iancoleman/orderedmap v0.2.0 h1:sq1N/TFpYH++aViPcaKjys3bDClUEU7s5B+z6jq8pNA=
github.com/iancoleman/orderedmap v0.2.0/go.mod h1:N0Wam8K1arqPXNWjMo21EXnBPOPp36vB07FNRdD2geA=
github.com/kr/pretty v0.1.0 h1:L/CwN0zerZDmRFUapSPitk6f+Q3+0za1rQkzVuMiMFI=
github.com/kr/pretty v0.1.0/go.mod h1:dAy3ld7l9f0ibDNOQOHHMYYIIbhfbHSm3C4ZsoJORNo=
github.com/kr/pty v1.1.1/go.mod h1:pFQYn66WHrOpPYNljwOMqo10TkYh1fy3cYio2l3bCsQ=
github.com/kr/text v0.1.0 h1:45sCR5RtlFHMR4UwH9sdQ5TC8v0qDQCHnXt+kaKSTVE=
github.com/kr/text v0.1.0/go.mod h1:4Jbv+DJW3UT/LiOwJeYQe1efqtUx/iVham/4vfdArNI=
github.com/magefile/mage v1.8.0 h1:mzL+xIopvPURVBwHG9A50JcjBO+xV3b5iZ7khFRI+5E=
github.com/magefile/mage v1.8.0/go.mod h1:IUDi13rsHje59lecXokTfGX0QIzO45uVPlXnJYsXepA=
github.com/magefile/mage v1.9.0 h1:t3AU2wNwehMCW97vuqQLtw6puppWXHO+O2MHo5a50XE=
github.com/magefile/mage v1.9.0/go.mod h1:z5UZb/iS3GoOSn0JgWuiw7dxlurVYTu+/jHXqQg881A=
github.com/mattn/go-isatty v0.0.4 h1:bnP0vzxcAdeI1zdubAl5PjU6zsERjGZb7raWodagDYs=
github.com/mattn/go-isatty v0.0.4/go.mod h1:M+lRXTBqGeGNdLjl/ufCoiOlB5xdOkqRJdNxMWT7Zi4=
github.com/mattn/go-isatty v0.0.10 h1:qxFzApOv4WsAL965uUPIsXzAKCZxN2p9UqdhFS4ZW10=
github.com/mattn/go-isatty v0.0.10/go.mod h1:qgIWMr58cqv1PHHyhnkY9lrL7etaEgOFcMEpPG5Rm84=
github.com/mattn/go-isatty v0.0.12 h1:wuysRhFDzyxgEmMf5xjvJ2M9dZoWAXNNr5LSBS7uHXY=
github.com/mattn/go-isatty v0.0.12/go.mod h1:cbi8OIDigv2wuxKPP5vlRcQ1OAZbq2CE4Kysco4FUpU=
github.com/mgutz/str v1.2.0 h1:4IzWSdIz9qPQWLfKZ0rJcV0jcUDpxvP4JVZ4GXQyvSw=
github.com/mgutz/str v1.2.0/go.mod h1:w1v0ofgLaJdoD0HpQ3fycxKD1WtxpjSo151pK/31q6w=
github.com/pelletier/go-toml v1.2.0 h1:T5zMGML61Wp+FlcbWjRDT7yAxhJNAiPPLOFECq181zc=
github.com/pelletier/go-toml v1.2.0/go.mod h1:5z9KED0ma1S8pY6P1sdut58dfprrGBbd/94hg7ilaic=
github.com/pelletier/go-toml v1.8.0 h1:Keo9qb7iRJs2voHvunFtuuYFsbWeOBh8/P9v/kVMFtw=
github.com/pelletier/go-toml v1.8.0/go.mod h1:D6yutnOGMveHEPV7VQOuvI/gXY61bv+9bAOTRnLElKs=
github.com/pelletier/go-toml v1.9.0 h1:NOd0BRdOKpPf0SxkL3HxSQOG7rNh+4kl6PHcBPFs7Q0=
github.com/pelletier/go-toml v1.9.0/go.mod h1:u1nR/EPcESfeI/szUZKdtJ0xRNbUoANCkoOuaOx1Y+c=
github.com/pierrec/lz4 v2.6.0+incompatible/go.mod h1:pdkljMzZIN41W+lC3N2tnIh5sFi+IEE17M5jbnwPHcY=
github.com/pkg/errors v0.8.0/go.mod h1:bwawxfHBFNV+L2hUp1rHADufV3IMtnDRdf1r5NINEl0=
github.com/pkg/errors v0.8.1 h1:iURUrRGxPUNPdy5/HRSm+Yj6okJ6UtLINN0Q9M4+h3I=
github.com/pkg/errors v0.8.1/go.mod h1:bwawxfHBFNV+L2hUp1rHADufV3IMtnDRdf1r5NINEl0=
github.com/pkg/errors v0.9.1 h1:FEBLx1zS214owpjy7qsBeixbURkuhQAwrK5UwLGTwt4=
github.com/pkg/errors v0.9.1/go.mod h1:bwawxfHBFNV+L2hUp1rHADufV3IMtnDRdf1r5NINEl0=
github.com/pmezard/go-difflib v1.0.0 h1:4DBwDE0NGyQoBHbLQYPwSUPoCMWR5BEzIk/f1lZbAQM=
github.com/pmezard/go-difflib v1.0.0/go.mod h1:iKH77koFhYxTK1pcRnkKkqfTogsbg7gZNVY4sRDYZ/4=
github.com/rwcarlsen/goexif v0.0.0-20180518182100-8d986c03457a/go.mod h1:hPqNNc0+uJM6H+SuU8sEs5K5IQeKccPqeSjfgcKGgPk=
github.com/stretchr/objx v0.1.0/go.mod h1:HFkY916IF+rwdDfMAkV7OtwuqBVzrE8GR6GFx+wExME=
github.com/stretchr/testify v1.2.1/go.mod h1:a8OnRcib4nhh0OaRAV+Yts87kKdq0PP7pXfy6kDkUVs=
github.com/stretchr/testify v1.2.2 h1:bSDNvY7ZPG5RlJ8otE/7V6gMiyenm9RtJ7IUVIAoJ1w=
github.com/stretchr/testify v1.2.2/go.mod h1:a8OnRcib4nhh0OaRAV+Yts87kKdq0PP7pXfy6kDkUVs=
github.com/stretchr/testify v1.3.0/go.mod h1:M5WIy9Dh21IEIfnGCwXGc5bZfKNJtfHm1UVUgZn+9EI=
github.com/ufoscout/go-up v0.5.0 h1:uMF7MBXl6DJamI5Ji9gGvDZUzauIEDAS/7qmdLKGTEs=
github.com/ufoscout/go-up v0.5.0/go.mod h1:zN31ErnkftpNz0AoptWIxDSnJAMx37HhJ55La3+yGwg=
github.com/ufoscout/go-up v0.6.1 h1:cilKUTmG7xcRF+7jx3RZajAirCSaQ9e628POvQ1+FPE=
github.com/ufoscout/go-up v0.6.1/go.mod h1:e7rbURXgJ9WZaulrG5ujZNRLjgacS6jOatfFNlDrLVk=
github.com/ulikunitz/xz v0.5.10/go.mod h1:nbz6k7qbPmH4IRqmfOplQw/tblSgqTqBwxkY0oWt/14=
github.com/xi2/xz v0.0.0-20171230120015-48954b6210f8/go.mod h1:HUYIGzjTL3rfEspMxjDjgmT5uz5wzYJKVo23qUhYTos=
golang.org/x/crypto v0.0.0-20180515001509-1a580b3eff78/go.mod h1:6SG95UA2DQfeDnfUPMdvaQW0Q7yPrPDi9nlGo2tz2b4=
golang.org/x/crypto v0.0.0-20181106171534-e4dc69e5b2fd/go.mod h1:6SG95UA2DQfeDnfUPMdvaQW0Q7yPrPDi9nlGo2tz2b4=
golang.org/x/crypto v0.0.0-20190102171810-8d7daa0c54b3/go.mod h1:6SG95UA2DQfeDnfUPMdvaQW0Q7yPrPDi9nlGo2tz2b4=
golang.org/x/crypto v0.0.0-20190103213133-ff983b9c42bc h1:F5tKCVGp+MUAHhKp5MZtGqAlGX3+oCsiL1Q629FL90M=
golang.org/x/crypto v0.0.0-20190103213133-ff983b9c42bc/go.mod h1:6SG95UA2DQfeDnfUPMdvaQW0Q7yPrPDi9nlGo2tz2b4=
golang.org/x/crypto v0.0.0-20190308221718-c2843e01d9a2/go.mod h1:djNgcEr1/C05ACkg1iLfiJU5Ep61QUkGW8qpdssI0+w=
golang.org/x/crypto v0.0.0-20191117063200-497ca9f6d64f/go.mod h1:LzIPMQfyMNhhGPhUkYOs5KpL4U8rLKemX1yGLhDgUto=
golang.org/x/crypto v0.0.0-20200204104054-c9f3fb736b72/go.mod h1:LzIPMQfyMNhhGPhUkYOs5KpL4U8rLKemX1yGLhDgUto=
golang.org/x/crypto v0.0.0-20200604202706-70a84ac30bf9 h1:vEg9joUBmeBcK9iSJftGNf3coIG4HqZElCPehJsfAYM=
golang.org/x/crypto v0.0.0-20200604202706-70a84ac30bf9/go.mod h1:LzIPMQfyMNhhGPhUkYOs5KpL4U8rLKemX1yGLhDgUto=
golang.org/x/crypto v0.0.0-20210322153248-0c34fe9e7dc2 h1:It14KIkyBFYkHkwZ7k45minvA9aorojkyjGk9KJ5B/w=
golang.org/x/crypto v0.0.0-20210322153248-0c34fe9e7dc2/go.mod h1:T9bdIzuCu7OtxOm1hfPfRQxPLYneinmdGuTeoZ9dtd4=
golang.org/x/net v0.0.0-20190404232315-eb5bcb51f2a3/go.mod h1:t9HGtf8HONx5eT2rtn7q6eTqICYqUVnKs3thJo3Qplg=
golang.org/x/net v0.0.0-20210226172049-e18ecbb05110/go.mod h1:m0MpNAwzfU5UDzcl9v0D8zg8gWTRqZa9RBIspLL5mdg=
golang.org/x/sys v0.0.0-20181107165924-66b7b1311ac8/go.mod h1:STP8DvDyc/dI5b8T5hshtkjS+E42TnysNCUPdjciGhY=
golang.org/x/sys v0.0.0-20190102155601-82a175fd1598/go.mod h1:STP8DvDyc/dI5b8T5hshtkjS+E42TnysNCUPdjciGhY=
golang.org/x/sys v0.0.0-20190215142949-d0b11bdaac8a/go.mod h1:STP8DvDyc/dI5b8T5hshtkjS+E42TnysNCUPdjciGhY=
golang.org/x/sys v0.0.0-20190412213103-97732733099d/go.mod h1:h1NjWce9XRLGQEsW7wpKNCjG9DtNlClVuFLEZdDNbEs=
golang.org/x/sys v0.0.0-20190524152521-dbbf3f1254d4/go.mod h1:h1NjWce9XRLGQEsW7wpKNCjG9DtNlClVuFLEZdDNbEs=
golang.org/x/sys v0.0.0-20190526052359-791d8a0f4d09 h1:IlD35wZE03o2qJy2o37WIskL33b7PT6cHdGnE8bieZs=
golang.org/x/sys v0.0.0-20190526052359-791d8a0f4d09/go.mod h1:h1NjWce9XRLGQEsW7wpKNCjG9DtNlClVuFLEZdDNbEs=
golang.org/x/sys v0.0.0-20191008105621-543471e840be/go.mod h1:h1NjWce9XRLGQEsW7wpKNCjG9DtNlClVuFLEZdDNbEs=
golang.org/x/sys v0.0.0-20191118133127-cf1e2d577169/go.mod h1:h1NjWce9XRLGQEsW7wpKNCjG9DtNlClVuFLEZdDNbEs=
golang.org/x/sys v0.0.0-20200116001909-b77594299b42/go.mod h1:h1NjWce9XRLGQEsW7wpKNCjG9DtNlClVuFLEZdDNbEs=
golang.org/x/sys v0.0.0-20200202164722-d101bd2416d5/go.mod h1:h1NjWce9XRLGQEsW7wpKNCjG9DtNlClVuFLEZdDNbEs=
golang.org/x/sys v0.0.0-20200615200032-f1bc736245b1 h1:ogLJMz+qpzav7lGMh10LMvAkM/fAoGlaiiHYiFYdm80=
golang.org/x/sys v0.0.0-20200615200032-f1bc736245b1/go.mod h1:h1NjWce9XRLGQEsW7wpKNCjG9DtNlClVuFLEZdDNbEs=
golang.org/x/sys v0.0.0-20201119102817-f84b799fce68/go.mod h1:h1NjWce9XRLGQEsW7wpKNCjG9DtNlClVuFLEZdDNbEs=
golang.org/x/sys v0.0.0-20210414055047-fe65e336abe0 h1:g9s1Ppvvun/fI+BptTMj909BBIcGrzQ32k9FNlcevOE=
golang.org/x/sys v0.0.0-20210414055047-fe65e336abe0/go.mod h1:h1NjWce9XRLGQEsW7wpKNCjG9DtNlClVuFLEZdDNbEs=
golang.org/x/term v0.0.0-20201126162022-7de9c90e9dd1/go.mod h1:bj7SfCRtBDWHUb9snDiAeCFNEtKQo2Wmx5Cou7ajbmo=
golang.org/x/term v0.0.0-20210406210042-72f3dc4e9b72 h1:VqE9gduFZ4dbR7XoL77lHFp0/DyDUBKSXK7CMFkVcV0=
golang.org/x/term v0.0.0-20210406210042-72f3dc4e9b72/go.mod h1:bj7SfCRtBDWHUb9snDiAeCFNEtKQo2Wmx5Cou7ajbmo=
golang.org/x/text v0.3.0/go.mod h1:NqM8EUOU14njkJ3fqMW+pc6Ldnwhi/IjpwHt7yyuwOQ=
golang.org/x/text v0.3.3/go.mod h1:5Zoc/QRtKVWzQhOtBMvqHzDpF6irO9z98xDceosuGiQ=
golang.org/x/tools v0.0.0-20180917221912-90fa682c2a6e/go.mod h1:n7NCudcB/nEzxVGmLbDWY5pfWTLqBcC2KZ6jyYvM4mQ=
gopkg.in/alexcesaro/quotedprintable.v3 v3.0.0-20150716171945-2caba252f4dc h1:2gGKlE2+asNV9m7xrywl36YYNnBG5ZQ0r/BOOxqPpmk=
gopkg.in/alexcesaro/quotedprintable.v3 v3.0.0-20150716171945-2caba252f4dc/go.mod h1:m7x9LTH6d71AHyAX77c9yqWCCa3UKHcVEj9y7hAtKDk=
gopkg.in/check.v1 v0.0.0-20161208181325-20d25e280405/go.mod h1:Co6ibVJAznAaIkqp8huTwlJQCZ016jof/cbN4VW5Yz0=
gopkg.in/check.v1 v1.0.0-20180628173108-788fd7840127 h1:qIbj1fsPNlZgppZ+VLlY7N33q108Sa+fhmuc+sWQYwY=
gopkg.in/check.v1 v1.0.0-20180628173108-788fd7840127/go.mod h1:Co6ibVJAznAaIkqp8huTwlJQCZ016jof/cbN4VW5Yz0=
gopkg.in/mail.v2 v2.3.1 h1:WYFn/oANrAGP2C0dcV6/pbkPzv8yGzqTjPmTeO7qoXk=
gopkg.in/mail.v2 v2.3.1/go.mod h1:htwXN1Qh09vZJ1NVKxQqHPBaCBbzKhp5GzuJEA4VJWw=
gopkg.in/yaml.v2 v2.2.1/go.mod h1:hI93XBmqTisBFMUTm0b8Fm+jr3Dg1NNxqwp+5A1VGuI=
gopkg.in/yaml.v2 v2.2.2 h1:ZCJp+EgiOT7lHqUV2J862kp8Qj64Jo6az82+3Td9dZw=
gopkg.in/yaml.v2 v2.2.2/go.mod h1:hI93XBmqTisBFMUTm0b8Fm+jr3Dg1NNxqwp+5A1VGuI=
gopkg.in/yaml.v2 v2.3.0 h1:clyUAQHOM3G0M3f5vQj7LuJrETvjVot3Z5el9nffUtU=
gopkg.in/yaml.v2 v2.3.0/go.mod h1:hI93XBmqTisBFMUTm0b8Fm+jr3Dg1NNxqwp+5A1VGuI=
